
Microsoft Visual Studio Solution File, Format Version 12.00
# Visual Studio Version 17
VisualStudioVersion = 17.10.35122.118
MinimumVisualStudioVersion = 10.0.40219.1
Project("{FAE04EC0-301F-11D3-BF4B-00C04F79EFBC}") = "Chapter5DataAccess", "Chapter5DataAccess\Chapter5DataAccess.csproj", "{6067B051-4B0A-4B5F-A73C-CF00BDC18927}"
EndProject
Global
	GlobalSection(SolutionConfigurationPlatforms) = preSolution
		Debug|Any CPU = Debug|Any CPU
		Release|Any CPU = Release|Any CPU
	EndGlobalSection
	GlobalSection(ProjectConfigurationPlatforms) = postSolution
		{6067B051-4B0A-4B5F-A73C-CF00BDC18927}.Debug|Any CPU.ActiveCfg = Debug|Any CPU
		{6067B051-4B0A-4B5F-A73C-CF00BDC18927}.Debug|Any CPU.Build.0 = Debug|Any CPU
		{6067B051-4B0A-4B5F-A73C-CF00BDC18927}.Release|Any CPU.ActiveCfg = Release|Any CPU
		{6067B051-4B0A-4B5F-A73C-CF00BDC18927}.Release|Any CPU.Build.0 = Release|Any CPU
	EndGlobalSection
	GlobalSection(SolutionProperties) = preSolution
		HideSolutionNode = FALSE
	EndGlobalSection
	GlobalSection(ExtensibilityGlobals) = postSolution
		SolutionGuid = {5D3B45C0-7B73-423F-AB60-E7277AE92888}
	EndGlobalSection
EndGlobal
