
Microsoft Visual Studio Solution File, Format Version 12.00
# Visual Studio Version 17
VisualStudioVersion = 17.10.35122.118
MinimumVisualStudioVersion = 10.0.40219.1
Project("{FAE04EC0-301F-11D3-BF4B-00C04F79EFBC}") = "Chapter6MudBlazor", "Chapter6MudBlazor\Chapter6MudBlazor.csproj", "{6E302E7A-CF75-408F-A388-832CDDA6573D}"
EndProject
Global
	GlobalSection(SolutionConfigurationPlatforms) = preSolution
		Debug|Any CPU = Debug|Any CPU
		Release|Any CPU = Release|Any CPU
	EndGlobalSection
	GlobalSection(ProjectConfigurationPlatforms) = postSolution
		{6E302E7A-CF75-408F-A388-832CDDA6573D}.Debug|Any CPU.ActiveCfg = Debug|Any CPU
		{6E302E7A-CF75-408F-A388-832CDDA6573D}.Debug|Any CPU.Build.0 = Debug|Any CPU
		{6E302E7A-CF75-408F-A388-832CDDA6573D}.Release|Any CPU.ActiveCfg = Release|Any CPU
		{6E302E7A-CF75-408F-A388-832CDDA6573D}.Release|Any CPU.Build.0 = Release|Any CPU
	EndGlobalSection
	GlobalSection(SolutionProperties) = preSolution
		HideSolutionNode = FALSE
	EndGlobalSection
	GlobalSection(ExtensibilityGlobals) = postSolution
		SolutionGuid = {4CA74E38-CB02-4014-B9A6-2195BAE0EAB9}
	EndGlobalSection
EndGlobal
